
Microsoft Visual Studio Solution File, Format Version 12.00
# Visual Studio 15
VisualStudioVersion = 15.0.28307.572
MinimumVisualStudioVersion = 10.0.40219.1
Project("{9A19103F-16F7-4668-BE54-9A1E7A4F7556}") = "GoF Design Patterns", "GoF Design Patterns\GoF Design Patterns.csproj", "{A292EEC7-EB2F-430B-87A7-9B5896083389}"
EndProject
Project("{2150E333-8FDC-42A3-9474-1A3956D46DE8}") = "FactoryMethod", "FactoryMethod", "{52F9AED0-287C-4FBF-9CA9-289D3C6EB108}"
EndProject
Project("{FAE04EC0-301F-11D3-BF4B-00C04F79EFBC}") = "ConsoleApp1", "ConsoleApp1\ConsoleApp1.csproj", "{14B3A4AA-3DF6-4138-8D3F-F21BFD924FBA}"
EndProject
Global
	GlobalSection(SolutionConfigurationPlatforms) = preSolution
		Debug|Any CPU = Debug|Any CPU
		Release|Any CPU = Release|Any CPU
	EndGlobalSection
	GlobalSection(ProjectConfigurationPlatforms) = postSolution
		{A292EEC7-EB2F-430B-87A7-9B5896083389}.Debug|Any CPU.ActiveCfg = Debug|Any CPU
		{A292EEC7-EB2F-430B-87A7-9B5896083389}.Debug|Any CPU.Build.0 = Debug|Any CPU
		{A292EEC7-EB2F-430B-87A7-9B5896083389}.Release|Any CPU.ActiveCfg = Release|Any CPU
		{A292EEC7-EB2F-430B-87A7-9B5896083389}.Release|Any CPU.Build.0 = Release|Any CPU
		{14B3A4AA-3DF6-4138-8D3F-F21BFD924FBA}.Debug|Any CPU.ActiveCfg = Debug|Any CPU
		{14B3A4AA-3DF6-4138-8D3F-F21BFD924FBA}.Debug|Any CPU.Build.0 = Debug|Any CPU
		{14B3A4AA-3DF6-4138-8D3F-F21BFD924FBA}.Release|Any CPU.ActiveCfg = Release|Any CPU
		{14B3A4AA-3DF6-4138-8D3F-F21BFD924FBA}.Release|Any CPU.Build.0 = Release|Any CPU
	EndGlobalSection
	GlobalSection(SolutionProperties) = preSolution
		HideSolutionNode = FALSE
	EndGlobalSection
	GlobalSection(NestedProjects) = preSolution
		{14B3A4AA-3DF6-4138-8D3F-F21BFD924FBA} = {52F9AED0-287C-4FBF-9CA9-289D3C6EB108}
	EndGlobalSection
	GlobalSection(ExtensibilityGlobals) = postSolution
		SolutionGuid = {1C832ADF-184D-46DE-BF89-D96A843B8E58}
	EndGlobalSection
EndGlobal
